PODS:
  - HaidoraPopupProvider/Core (0.1.0)
  - HaidoraPopupProvider/MMPopupView (0.1.0):
    - HaidoraPopupProvider/Core
    - MMPopupView (~> 1.7.2)
  - Masonry (1.0.2)
  - MMPopupView (1.7.2):
    - Masonry

DEPENDENCIES:
  - HaidoraPopupProvider/MMPopupView (from `../`)

EXTERNAL SOURCES:
  HaidoraPopupProvider:
    :path: ../

SPEC CHECKSUMS:
  HaidoraPopupProvider: cecf32a12b113d208d096451dbac317ebba32526
  Masonry: 7c429b56da9d4ee0bbb3ed77a5ea710d6a5df39e
  MMPopupView: fe1dd010824029dfb632fdf1a531db5dd5386020

COCOAPODS: 0.39.0
